
Microsoft Visual Studio Solution File, Format Version 12.00
# Visual Studio 15
VisualStudioVersion = 15.0.26228.9
MinimumVisualStudioVersion = 10.0.40219.1
Project("{FAE04EC0-301F-11D3-BF4B-00C04F79EFBC}") = "ListView.Android", "ListView\ListView.Android\ListView.Android.csproj", "{458E02D5-7BFC-4C01-9BAE-3507DC54199D}"
EndProject
Project("{FAE04EC0-301F-11D3-BF4B-00C04F79EFBC}") = "ListView", "ListView\ListView\ListView.csproj", "{90F9C0EC-ED74-436E-960D-DF38EAC2A964}"
EndProject
Project("{FAE04EC0-301F-11D3-BF4B-00C04F79EFBC}") = "ListView.UWP", "ListView\ListView.UWP\ListView.UWP.csproj", "{CFB2382D-BD1D-4600-944D-1235B912C429}"
EndProject
Project("{FAE04EC0-301F-11D3-BF4B-00C04F79EFBC}") = "ListView.iOS", "ListView\ListView.iOS\ListView.iOS.csproj", "{1CADEFD4-0477-4113-B521-C16A2F9A1257}"
EndProject
Global
	GlobalSection(SolutionConfigurationPlatforms) = preSolution
		Ad-Hoc|Any CPU = Ad-Hoc|Any CPU
		Ad-Hoc|ARM = Ad-Hoc|ARM
		Ad-Hoc|iPhone = Ad-Hoc|iPhone
		Ad-Hoc|iPhoneSimulator = Ad-Hoc|iPhoneSimulator
		Ad-Hoc|x64 = Ad-Hoc|x64
		Ad-Hoc|x86 = Ad-Hoc|x86
		AppStore|Any CPU = AppStore|Any CPU
		AppStore|ARM = AppStore|ARM
		AppStore|iPhone = AppStore|iPhone
		AppStore|iPhoneSimulator = AppStore|iPhoneSimulator
		AppStore|x64 = AppStore|x64
		AppStore|x86 = AppStore|x86
		Debug|Any CPU = Debug|Any CPU
		Debug|ARM = Debug|ARM
		Debug|iPhone = Debug|iPhone
		Debug|iPhoneSimulator = Debug|iPhoneSimulator
		Debug|x64 = Debug|x64
		Debug|x86 = Debug|x86
		Release|Any CPU = Release|Any CPU
		Release|ARM = Release|ARM
		Release|iPhone = Release|iPhone
		Release|iPhoneSimulator = Release|iPhoneSimulator
		Release|x64 = Release|x64
		Release|x86 = Release|x86
	EndGlobalSection
	GlobalSection(ProjectConfigurationPlatforms) = postSolution
		{458E02D5-7BFC-4C01-9BAE-3507DC54199D}.Ad-Hoc|Any CPU.ActiveCfg = Release|Any CPU
		{458E02D5-7BFC-4C01-9BAE-3507DC54199D}.Ad-Hoc|Any CPU.Build.0 = Release|Any CPU
		{458E02D5-7BFC-4C01-9BAE-3507DC54199D}.Ad-Hoc|Any CPU.Deploy.0 = Release|Any CPU
		{458E02D5-7BFC-4C01-9BAE-3507DC54199D}.Ad-Hoc|ARM.ActiveCfg = Release|Any CPU
		{458E02D5-7BFC-4C01-9BAE-3507DC54199D}.Ad-Hoc|ARM.Build.0 = Release|Any CPU
		{458E02D5-7BFC-4C01-9BAE-3507DC54199D}.Ad-Hoc|ARM.Deploy.0 = Release|Any CPU
		{458E02D5-7BFC-4C01-9BAE-3507DC54199D}.Ad-Hoc|iPhone.ActiveCfg = Release|Any CPU
		{458E02D5-7BFC-4C01-9BAE-3507DC54199D}.Ad-Hoc|iPhone.Build.0 = Release|Any CPU
		{458E02D5-7BFC-4C01-9BAE-3507DC54199D}.Ad-Hoc|iPhone.Deploy.0 = Release|Any CPU
		{458E02D5-7BFC-4C01-9BAE-3507DC54199D}.Ad-Hoc|iPhoneSimulator.ActiveCfg = Release|Any CPU
		{458E02D5-7BFC-4C01-9BAE-3507DC54199D}.Ad-Hoc|iPhoneSimulator.Build.0 = Release|Any CPU
		{458E02D5-7BFC-4C01-9BAE-3507DC54199D}.Ad-Hoc|iPhoneSimulator.Deploy.0 = Release|Any CPU
		{458E02D5-7BFC-4C01-9BAE-3507DC54199D}.Ad-Hoc|x64.ActiveCfg = Release|Any CPU
		{458E02D5-7BFC-4C01-9BAE-3507DC54199D}.Ad-Hoc|x64.Build.0 = Release|Any CPU
		{458E02D5-7BFC-4C01-9BAE-3507DC54199D}.Ad-Hoc|x64.Deploy.0 = Release|Any CPU
		{458E02D5-7BFC-4C01-9BAE-3507DC54199D}.Ad-Hoc|x86.ActiveCfg = Release|Any CPU
		{458E02D5-7BFC-4C01-9BAE-3507DC54199D}.Ad-Hoc|x86.Build.0 = Release|Any CPU
		{458E02D5-7BFC-4C01-9BAE-3507DC54199D}.Ad-Hoc|x86.Deploy.0 = Release|Any CPU
		{458E02D5-7BFC-4C01-9BAE-3507DC54199D}.AppStore|Any CPU.ActiveCfg = Release|Any CPU
		{458E02D5-7BFC-4C01-9BAE-3507DC54199D}.AppStore|Any CPU.Build.0 = Release|Any CPU
		{458E02D5-7BFC-4C01-9BAE-3507DC54199D}.AppStore|Any CPU.Deploy.0 = Release|Any CPU
		{458E02D5-7BFC-4C01-9BAE-3507DC54199D}.AppStore|ARM.ActiveCfg = Release|Any CPU
		{458E02D5-7BFC-4C01-9BAE-3507DC54199D}.AppStore|ARM.Build.0 = Release|Any CPU
		{458E02D5-7BFC-4C01-9BAE-3507DC54199D}.AppStore|ARM.Deploy.0 = Release|Any CPU
		{458E02D5-7BFC-4C01-9BAE-3507DC54199D}.AppStore|iPhone.ActiveCfg = Release|Any CPU
		{458E02D5-7BFC-4C01-9BAE-3507DC54199D}.AppStore|iPhone.Build.0 = Release|Any CPU
		{458E02D5-7BFC-4C01-9BAE-3507DC54199D}.AppStore|iPhone.Deploy.0 = Release|Any CPU
		{458E02D5-7BFC-4C01-9BAE-3507DC54199D}.AppStore|iPhoneSimulator.ActiveCfg = Release|Any CPU
		{458E02D5-7BFC-4C01-9BAE-3507DC54199D}.AppStore|iPhoneSimulator.Build.0 = Release|Any CPU
		{458E02D5-7BFC-4C01-9BAE-3507DC54199D}.AppStore|iPhoneSimulator.Deploy.0 = Release|Any CPU
		{458E02D5-7BFC-4C01-9BAE-3507DC54199D}.AppStore|x64.ActiveCfg = Release|Any CPU
		{458E02D5-7BFC-4C01-9BAE-3507DC54199D}.AppStore|x64.Build.0 = Release|Any CPU
		{458E02D5-7BFC-4C01-9BAE-3507DC54199D}.AppStore|x64.Deploy.0 = Release|Any CPU
		{458E02D5-7BFC-4C01-9BAE-3507DC54199D}.AppStore|x86.ActiveCfg = Release|Any CPU
		{458E02D5-7BFC-4C01-9BAE-3507DC54199D}.AppStore|x86.Build.0 = Release|Any CPU
		{458E02D5-7BFC-4C01-9BAE-3507DC54199D}.AppStore|x86.Deploy.0 = Release|Any CPU
		{458E02D5-7BFC-4C01-9BAE-3507DC54199D}.Debug|Any CPU.ActiveCfg = Debug|Any CPU
		{458E02D5-7BFC-4C01-9BAE-3507DC54199D}.Debug|Any CPU.Build.0 = Debug|Any CPU
		{458E02D5-7BFC-4C01-9BAE-3507DC54199D}.Debug|Any CPU.Deploy.0 = Debug|Any CPU
		{458E02D5-7BFC-4C01-9BAE-3507DC54199D}.Debug|ARM.ActiveCfg = Debug|Any CPU
		{458E02D5-7BFC-4C01-9BAE-3507DC54199D}.Debug|ARM.Build.0 = Debug|Any CPU
		{458E02D5-7BFC-4C01-9BAE-3507DC54199D}.Debug|ARM.Deploy.0 = Debug|Any CPU
		{458E02D5-7BFC-4C01-9BAE-3507DC54199D}.Debug|iPhone.ActiveCfg = Debug|Any CPU
		{458E02D5-7BFC-4C01-9BAE-3507DC54199D}.Debug|iPhone.Build.0 = Debug|Any CPU
		{458E02D5-7BFC-4C01-9BAE-3507DC54199D}.Debug|iPhone.Deploy.0 = Debug|Any CPU
		{458E02D5-7BFC-4C01-9BAE-3507DC54199D}.Debug|iPhoneSimulator.ActiveCfg = Debug|Any CPU
		{458E02D5-7BFC-4C01-9BAE-3507DC54199D}.Debug|iPhoneSimulator.Build.0 = Debug|Any CPU
		{458E02D5-7BFC-4C01-9BAE-3507DC54199D}.Debug|iPhoneSimulator.Deploy.0 = Debug|Any CPU
		{458E02D5-7BFC-4C01-9BAE-3507DC54199D}.Debug|x64.ActiveCfg = Debug|Any CPU
		{458E02D5-7BFC-4C01-9BAE-3507DC54199D}.Debug|x64.Build.0 = Debug|Any CPU
		{458E02D5-7BFC-4C01-9BAE-3507DC54199D}.Debug|x64.Deploy.0 = Debug|Any CPU
		{458E02D5-7BFC-4C01-9BAE-3507DC54199D}.Debug|x86.ActiveCfg = Debug|Any CPU
		{458E02D5-7BFC-4C01-9BAE-3507DC54199D}.Debug|x86.Build.0 = Debug|Any CPU
		{458E02D5-7BFC-4C01-9BAE-3507DC54199D}.Debug|x86.Deploy.0 = Debug|Any CPU
		{458E02D5-7BFC-4C01-9BAE-3507DC54199D}.Release|Any CPU.ActiveCfg = Release|Any CPU
		{458E02D5-7BFC-4C01-9BAE-3507DC54199D}.Release|Any CPU.Build.0 = Release|Any CPU
		{458E02D5-7BFC-4C01-9BAE-3507DC54199D}.Release|Any CPU.Deploy.0 = Release|Any CPU
		{458E02D5-7BFC-4C01-9BAE-3507DC54199D}.Release|ARM.ActiveCfg = Release|Any CPU
		{458E02D5-7BFC-4C01-9BAE-3507DC54199D}.Release|ARM.Build.0 = Release|Any CPU
		{458E02D5-7BFC-4C01-9BAE-3507DC54199D}.Release|ARM.Deploy.0 = Release|Any CPU
		{458E02D5-7BFC-4C01-9BAE-3507DC54199D}.Release|iPhone.ActiveCfg = Release|Any CPU
		{458E02D5-7BFC-4C01-9BAE-3507DC54199D}.Release|iPhone.Build.0 = Release|Any CPU
		{458E02D5-7BFC-4C01-9BAE-3507DC54199D}.Release|iPhone.Deploy.0 = Release|Any CPU
		{458E02D5-7BFC-4C01-9BAE-3507DC54199D}.Release|iPhoneSimulator.ActiveCfg = Release|Any CPU
		{458E02D5-7BFC-4C01-9BAE-3507DC54199D}.Release|iPhoneSimulator.Build.0 = Release|Any CPU
		{458E02D5-7BFC-4C01-9BAE-3507DC54199D}.Release|iPhoneSimulator.Deploy.0 = Release|Any CPU
		{458E02D5-7BFC-4C01-9BAE-3507DC54199D}.Release|x64.ActiveCfg = Release|Any CPU
		{458E02D5-7BFC-4C01-9BAE-3507DC54199D}.Release|x64.Build.0 = Release|Any CPU
		{458E02D5-7BFC-4C01-9BAE-3507DC54199D}.Release|x64.Deploy.0 = Release|Any CPU
		{458E02D5-7BFC-4C01-9BAE-3507DC54199D}.Release|x86.ActiveCfg = Release|Any CPU
		{458E02D5-7BFC-4C01-9BAE-3507DC54199D}.Release|x86.Build.0 = Release|Any CPU
		{458E02D5-7BFC-4C01-9BAE-3507DC54199D}.Release|x86.Deploy.0 = Release|Any CPU
		{90F9C0EC-ED74-436E-960D-DF38EAC2A964}.Ad-Hoc|Any CPU.ActiveCfg = Release|Any CPU
		{90F9C0EC-ED74-436E-960D-DF38EAC2A964}.Ad-Hoc|Any CPU.Build.0 = Release|Any CPU
		{90F9C0EC-ED74-436E-960D-DF38EAC2A964}.Ad-Hoc|ARM.ActiveCfg = Release|Any CPU
		{90F9C0EC-ED74-436E-960D-DF38EAC2A964}.Ad-Hoc|ARM.Build.0 = Release|Any CPU
		{90F9C0EC-ED74-436E-960D-DF38EAC2A964}.Ad-Hoc|iPhone.ActiveCfg = Release|Any CPU
		{90F9C0EC-ED74-436E-960D-DF38EAC2A964}.Ad-Hoc|iPhone.Build.0 = Release|Any CPU
		{90F9C0EC-ED74-436E-960D-DF38EAC2A964}.Ad-Hoc|iPhoneSimulator.ActiveCfg = Release|Any CPU
		{90F9C0EC-ED74-436E-960D-DF38EAC2A964}.Ad-Hoc|iPhoneSimulator.Build.0 = Release|Any CPU
		{90F9C0EC-ED74-436E-960D-DF38EAC2A964}.Ad-Hoc|x64.ActiveCfg = Release|Any CPU
		{90F9C0EC-ED74-436E-960D-DF38EAC2A964}.Ad-Hoc|x64.Build.0 = Release|Any CPU
		{90F9C0EC-ED74-436E-960D-DF38EAC2A964}.Ad-Hoc|x86.ActiveCfg = Release|Any CPU
		{90F9C0EC-ED74-436E-960D-DF38EAC2A964}.Ad-Hoc|x86.Build.0 = Release|Any CPU
		{90F9C0EC-ED74-436E-960D-DF38EAC2A964}.AppStore|Any CPU.ActiveCfg = Release|Any CPU
		{90F9C0EC-ED74-436E-960D-DF38EAC2A964}.AppStore|Any CPU.Build.0 = Release|Any CPU
		{90F9C0EC-ED74-436E-960D-DF38EAC2A964}.AppStore|ARM.ActiveCfg = Release|Any CPU
		{90F9C0EC-ED74-436E-960D-DF38EAC2A964}.AppStore|ARM.Build.0 = Release|Any CPU
		{90F9C0EC-ED74-436E-960D-DF38EAC2A964}.AppStore|iPhone.ActiveCfg = Release|Any CPU
		{90F9C0EC-ED74-436E-960D-DF38EAC2A964}.AppStore|iPhone.Build.0 = Release|Any CPU
		{90F9C0EC-ED74-436E-960D-DF38EAC2A964}.AppStore|iPhoneSimulator.ActiveCfg = Release|Any CPU
		{90F9C0EC-ED74-436E-960D-DF38EAC2A964}.AppStore|iPhoneSimulator.Build.0 = Release|Any CPU
		{90F9C0EC-ED74-436E-960D-DF38EAC2A964}.AppStore|x64.ActiveCfg = Release|Any CPU
		{90F9C0EC-ED74-436E-960D-DF38EAC2A964}.AppStore|x64.Build.0 = Release|Any CPU
		{90F9C0EC-ED74-436E-960D-DF38EAC2A964}.AppStore|x86.ActiveCfg = Release|Any CPU
		{90F9C0EC-ED74-436E-960D-DF38EAC2A964}.AppStore|x86.Build.0 = Release|Any CPU
		{90F9C0EC-ED74-436E-960D-DF38EAC2A964}.Debug|Any CPU.ActiveCfg = Debug|Any CPU
		{90F9C0EC-ED74-436E-960D-DF38EAC2A964}.Debug|Any CPU.Build.0 = Debug|Any CPU
		{90F9C0EC-ED74-436E-960D-DF38EAC2A964}.Debug|ARM.ActiveCfg = Debug|Any CPU
		{90F9C0EC-ED74-436E-960D-DF38EAC2A964}.Debug|ARM.Build.0 = Debug|Any CPU
		{90F9C0EC-ED74-436E-960D-DF38EAC2A964}.Debug|iPhone.ActiveCfg = Debug|Any CPU
		{90F9C0EC-ED74-436E-960D-DF38EAC2A964}.Debug|iPhone.Build.0 = Debug|Any CPU
		{90F9C0EC-ED74-436E-960D-DF38EAC2A964}.Debug|iPhoneSimulator.ActiveCfg = Debug|Any CPU
		{90F9C0EC-ED74-436E-960D-DF38EAC2A964}.Debug|iPhoneSimulator.Build.0 = Debug|Any CPU
		{90F9C0EC-ED74-436E-960D-DF38EAC2A964}.Debug|x64.ActiveCfg = Debug|Any CPU
		{90F9C0EC-ED74-436E-960D-DF38EAC2A964}.Debug|x64.Build.0 = Debug|Any CPU
		{90F9C0EC-ED74-436E-960D-DF38EAC2A964}.Debug|x86.ActiveCfg = Debug|Any CPU
		{90F9C0EC-ED74-436E-960D-DF38EAC2A964}.Debug|x86.Build.0 = Debug|Any CPU
		{90F9C0EC-ED74-436E-960D-DF38EAC2A964}.Release|Any CPU.ActiveCfg = Release|Any CPU
		{90F9C0EC-ED74-436E-960D-DF38EAC2A964}.Release|Any CPU.Build.0 = Release|Any CPU
		{90F9C0EC-ED74-436E-960D-DF38EAC2A964}.Release|ARM.ActiveCfg = Release|Any CPU
		{90F9C0EC-ED74-436E-960D-DF38EAC2A964}.Release|ARM.Build.0 = Release|Any CPU
		{90F9C0EC-ED74-436E-960D-DF38EAC2A964}.Release|iPhone.ActiveCfg = Release|Any CPU
		{90F9C0EC-ED74-436E-960D-DF38EAC2A964}.Release|iPhone.Build.0 = Release|Any CPU
		{90F9C0EC-ED74-436E-960D-DF38EAC2A964}.Release|iPhoneSimulator.ActiveCfg = Release|Any CPU
		{90F9C0EC-ED74-436E-960D-DF38EAC2A964}.Release|iPhoneSimulator.Build.0 = Release|Any CPU
		{90F9C0EC-ED74-436E-960D-DF38EAC2A964}.Release|x64.ActiveCfg = Release|Any CPU
		{90F9C0EC-ED74-436E-960D-DF38EAC2A964}.Release|x64.Build.0 = Release|Any CPU
		{90F9C0EC-ED74-436E-960D-DF38EAC2A964}.Release|x86.ActiveCfg = Release|Any CPU
		{90F9C0EC-ED74-436E-960D-DF38EAC2A964}.Release|x86.Build.0 = Release|Any CPU
		{CFB2382D-BD1D-4600-944D-1235B912C429}.Ad-Hoc|Any CPU.ActiveCfg = Release|x86
		{CFB2382D-BD1D-4600-944D-1235B912C429}.Ad-Hoc|Any CPU.Build.0 = Release|x86
		{CFB2382D-BD1D-4600-944D-1235B912C429}.Ad-Hoc|Any CPU.Deploy.0 = Release|x86
		{CFB2382D-BD1D-4600-944D-1235B912C429}.Ad-Hoc|ARM.ActiveCfg = Release|ARM
		{CFB2382D-BD1D-4600-944D-1235B912C429}.Ad-Hoc|ARM.Build.0 = Release|ARM
		{CFB2382D-BD1D-4600-944D-1235B912C429}.Ad-Hoc|ARM.Deploy.0 = Release|ARM
		{CFB2382D-BD1D-4600-944D-1235B912C429}.Ad-Hoc|iPhone.ActiveCfg = Release|x86
		{CFB2382D-BD1D-4600-944D-1235B912C429}.Ad-Hoc|iPhone.Build.0 = Release|x86
		{CFB2382D-BD1D-4600-944D-1235B912C429}.Ad-Hoc|iPhone.Deploy.0 = Release|x86
		{CFB2382D-BD1D-4600-944D-1235B912C429}.Ad-Hoc|iPhoneSimulator.ActiveCfg = Release|x86
		{CFB2382D-BD1D-4600-944D-1235B912C429}.Ad-Hoc|iPhoneSimulator.Build.0 = Release|x86
		{CFB2382D-BD1D-4600-944D-1235B912C429}.Ad-Hoc|iPhoneSimulator.Deploy.0 = Release|x86
		{CFB2382D-BD1D-4600-944D-1235B912C429}.Ad-Hoc|x64.ActiveCfg = Release|x64
		{CFB2382D-BD1D-4600-944D-1235B912C429}.Ad-Hoc|x64.Build.0 = Release|x64
		{CFB2382D-BD1D-4600-944D-1235B912C429}.Ad-Hoc|x64.Deploy.0 = Release|x64
		{CFB2382D-BD1D-4600-944D-1235B912C429}.Ad-Hoc|x86.ActiveCfg = Release|x86
		{CFB2382D-BD1D-4600-944D-1235B912C429}.Ad-Hoc|x86.Build.0 = Release|x86
		{CFB2382D-BD1D-4600-944D-1235B912C429}.Ad-Hoc|x86.Deploy.0 = Release|x86
		{CFB2382D-BD1D-4600-944D-1235B912C429}.AppStore|Any CPU.ActiveCfg = Release|x86
		{CFB2382D-BD1D-4600-944D-1235B912C429}.AppStore|Any CPU.Build.0 = Release|x86
		{CFB2382D-BD1D-4600-944D-1235B912C429}.AppStore|Any CPU.Deploy.0 = Release|x86
		{CFB2382D-BD1D-4600-944D-1235B912C429}.AppStore|ARM.ActiveCfg = Release|ARM
		{CFB2382D-BD1D-4600-944D-1235B912C429}.AppStore|ARM.Build.0 = Release|ARM
		{CFB2382D-BD1D-4600-944D-1235B912C429}.AppStore|ARM.Deploy.0 = Release|ARM
		{CFB2382D-BD1D-4600-944D-1235B912C429}.AppStore|iPhone.ActiveCfg = Release|x86
		{CFB2382D-BD1D-4600-944D-1235B912C429}.AppStore|iPhone.Build.0 = Release|x86
		{CFB2382D-BD1D-4600-944D-1235B912C429}.AppStore|iPhone.Deploy.0 = Release|x86
		{CFB2382D-BD1D-4600-944D-1235B912C429}.AppStore|iPhoneSimulator.ActiveCfg = Release|x86
		{CFB2382D-BD1D-4600-944D-1235B912C429}.AppStore|iPhoneSimulator.Build.0 = Release|x86
		{CFB2382D-BD1D-4600-944D-1235B912C429}.AppStore|iPhoneSimulator.Deploy.0 = Release|x86
		{CFB2382D-BD1D-4600-944D-1235B912C429}.AppStore|x64.ActiveCfg = Release|x64
		{CFB2382D-BD1D-4600-944D-1235B912C429}.AppStore|x64.Build.0 = Release|x64
		{CFB2382D-BD1D-4600-944D-1235B912C429}.AppStore|x64.Deploy.0 = Release|x64
		{CFB2382D-BD1D-4600-944D-1235B912C429}.AppStore|x86.ActiveCfg = Release|x86
		{CFB2382D-BD1D-4600-944D-1235B912C429}.AppStore|x86.Build.0 = Release|x86
		{CFB2382D-BD1D-4600-944D-1235B912C429}.AppStore|x86.Deploy.0 = Release|x86
		{CFB2382D-BD1D-4600-944D-1235B912C429}.Debug|Any CPU.ActiveCfg = Debug|x86
		{CFB2382D-BD1D-4600-944D-1235B912C429}.Debug|ARM.ActiveCfg = Debug|ARM
		{CFB2382D-BD1D-4600-944D-1235B912C429}.Debug|ARM.Build.0 = Debug|ARM
		{CFB2382D-BD1D-4600-944D-1235B912C429}.Debug|ARM.Deploy.0 = Debug|ARM
		{CFB2382D-BD1D-4600-944D-1235B912C429}.Debug|iPhone.ActiveCfg = Debug|x86
		{CFB2382D-BD1D-4600-944D-1235B912C429}.Debug|iPhoneSimulator.ActiveCfg = Debug|x86
		{CFB2382D-BD1D-4600-944D-1235B912C429}.Debug|x64.ActiveCfg = Debug|x64
		{CFB2382D-BD1D-4600-944D-1235B912C429}.Debug|x64.Build.0 = Debug|x64
		{CFB2382D-BD1D-4600-944D-1235B912C429}.Debug|x64.Deploy.0 = Debug|x64
		{CFB2382D-BD1D-4600-944D-1235B912C429}.Debug|x86.ActiveCfg = Debug|x86
		{CFB2382D-BD1D-4600-944D-1235B912C429}.Debug|x86.Build.0 = Debug|x86
		{CFB2382D-BD1D-4600-944D-1235B912C429}.Debug|x86.Deploy.0 = Debug|x86
		{CFB2382D-BD1D-4600-944D-1235B912C429}.Release|Any CPU.ActiveCfg = Release|x86
		{CFB2382D-BD1D-4600-944D-1235B912C429}.Release|ARM.ActiveCfg = Release|ARM
		{CFB2382D-BD1D-4600-944D-1235B912C429}.Release|ARM.Build.0 = Release|ARM
		{CFB2382D-BD1D-4600-944D-1235B912C429}.Release|ARM.Deploy.0 = Release|ARM
		{CFB2382D-BD1D-4600-944D-1235B912C429}.Release|iPhone.ActiveCfg = Release|x86
		{CFB2382D-BD1D-4600-944D-1235B912C429}.Release|iPhoneSimulator.ActiveCfg = Release|x86
		{CFB2382D-BD1D-4600-944D-1235B912C429}.Release|x64.ActiveCfg = Release|x64
		{CFB2382D-BD1D-4600-944D-1235B912C429}.Release|x64.Build.0 = Release|x64
		{CFB2382D-BD1D-4600-944D-1235B912C429}.Release|x64.Deploy.0 = Release|x64
		{CFB2382D-BD1D-4600-944D-1235B912C429}.Release|x86.ActiveCfg = Release|x86
		{CFB2382D-BD1D-4600-944D-1235B912C429}.Release|x86.Build.0 = Release|x86
		{CFB2382D-BD1D-4600-944D-1235B912C429}.Release|x86.Deploy.0 = Release|x86
		{1CADEFD4-0477-4113-B521-C16A2F9A1257}.Ad-Hoc|Any CPU.ActiveCfg = Ad-Hoc|iPhone
		{1CADEFD4-0477-4113-B521-C16A2F9A1257}.Ad-Hoc|ARM.ActiveCfg = Ad-Hoc|iPhone
		{1CADEFD4-0477-4113-B521-C16A2F9A1257}.Ad-Hoc|iPhone.ActiveCfg = Ad-Hoc|iPhone
		{1CADEFD4-0477-4113-B521-C16A2F9A1257}.Ad-Hoc|iPhone.Build.0 = Ad-Hoc|iPhone
		{1CADEFD4-0477-4113-B521-C16A2F9A1257}.Ad-Hoc|iPhoneSimulator.ActiveCfg = Ad-Hoc|iPhoneSimulator
		{1CADEFD4-0477-4113-B521-C16A2F9A1257}.Ad-Hoc|iPhoneSimulator.Build.0 = Ad-Hoc|iPhoneSimulator
		{1CADEFD4-0477-4113-B521-C16A2F9A1257}.Ad-Hoc|x64.ActiveCfg = Ad-Hoc|iPhone
		{1CADEFD4-0477-4113-B521-C16A2F9A1257}.Ad-Hoc|x86.ActiveCfg = Ad-Hoc|iPhone
		{1CADEFD4-0477-4113-B521-C16A2F9A1257}.AppStore|Any CPU.ActiveCfg = AppStore|iPhone
		{1CADEFD4-0477-4113-B521-C16A2F9A1257}.AppStore|ARM.ActiveCfg = AppStore|iPhone
		{1CADEFD4-0477-4113-B521-C16A2F9A1257}.AppStore|iPhone.ActiveCfg = AppStore|iPhone
		{1CADEFD4-0477-4113-B521-C16A2F9A1257}.AppStore|iPhone.Build.0 = AppStore|iPhone
		{1CADEFD4-0477-4113-B521-C16A2F9A1257}.AppStore|iPhoneSimulator.ActiveCfg = AppStore|iPhoneSimulator
		{1CADEFD4-0477-4113-B521-C16A2F9A1257}.AppStore|iPhoneSimulator.Build.0 = AppStore|iPhoneSimulator
		{1CADEFD4-0477-4113-B521-C16A2F9A1257}.AppStore|x64.ActiveCfg = AppStore|iPhone
		{1CADEFD4-0477-4113-B521-C16A2F9A1257}.AppStore|x86.ActiveCfg = AppStore|iPhone
		{1CADEFD4-0477-4113-B521-C16A2F9A1257}.Debug|Any CPU.ActiveCfg = Debug|iPhone
		{1CADEFD4-0477-4113-B521-C16A2F9A1257}.Debug|ARM.ActiveCfg = Debug|iPhone
		{1CADEFD4-0477-4113-B521-C16A2F9A1257}.Debug|iPhone.ActiveCfg = Debug|iPhone
		{1CADEFD4-0477-4113-B521-C16A2F9A1257}.Debug|iPhone.Build.0 = Debug|iPhone
		{1CADEFD4-0477-4113-B521-C16A2F9A1257}.Debug|iPhoneSimulator.ActiveCfg = Debug|iPhoneSimulator
		{1CADEFD4-0477-4113-B521-C16A2F9A1257}.Debug|iPhoneSimulator.Build.0 = Debug|iPhoneSimulator
		{1CADEFD4-0477-4113-B521-C16A2F9A1257}.Debug|x64.ActiveCfg = Debug|iPhone
		{1CADEFD4-0477-4113-B521-C16A2F9A1257}.Debug|x86.ActiveCfg = Debug|iPhone
		{1CADEFD4-0477-4113-B521-C16A2F9A1257}.Release|Any CPU.ActiveCfg = Release|iPhone
		{1CADEFD4-0477-4113-B521-C16A2F9A1257}.Release|ARM.ActiveCfg = Release|iPhone
		{1CADEFD4-0477-4113-B521-C16A2F9A1257}.Release|iPhone.ActiveCfg = Release|iPhone
		{1CADEFD4-0477-4113-B521-C16A2F9A1257}.Release|iPhone.Build.0 = Release|iPhone
		{1CADEFD4-0477-4113-B521-C16A2F9A1257}.Release|iPhoneSimulator.ActiveCfg = Release|iPhoneSimulator
		{1CADEFD4-0477-4113-B521-C16A2F9A1257}.Release|iPhoneSimulator.Build.0 = Release|iPhoneSimulator
		{1CADEFD4-0477-4113-B521-C16A2F9A1257}.Release|x64.ActiveCfg = Release|iPhone
		{1CADEFD4-0477-4113-B521-C16A2F9A1257}.Release|x86.ActiveCfg = Release|iPhone
	EndGlobalSection
	GlobalSection(SolutionProperties) = preSolution
		HideSolutionNode = FALSE
	EndGlobalSection
EndGlobal
